Microsoft Visual Studio Solution File, Format Version 11.00
# Visual Studio 2008

Project("{EFB54B41-EE83-C552-DDE1-BBF048C7372F}") = "CSCI-313-team1", "Assembly-CSharp-firstpass.csproj", "{0DB4022B-C47B-F138-28D8-5ED814D72E0C}"
EndProject
Project("{EFB54B41-EE83-C552-DDE1-BBF048C7372F}") = "CSCI-313-team1", "Assembly-CSharp.csproj", "{424B0134-19E5-23A7-C77B-A09F2EF280AD}"
EndProject
Global
	GlobalSection(SolutionConfigurationPlatforms) = preSolution
		Debug|Any CPU = Debug|Any CPU
		Release|Any CPU = Release|Any CPU
	EndGlobalSection
	GlobalSection(ProjectConfigurationPlatforms) = postSolution
		{0DB4022B-C47B-F138-28D8-5ED814D72E0C}.Debug|Any CPU.ActiveCfg = Debug|Any CPU
		{0DB4022B-C47B-F138-28D8-5ED814D72E0C}.Debug|Any CPU.Build.0 = Debug|Any CPU
		{0DB4022B-C47B-F138-28D8-5ED814D72E0C}.Release|Any CPU.ActiveCfg = Release|Any CPU
		{0DB4022B-C47B-F138-28D8-5ED814D72E0C}.Release|Any CPU.Build.0 = Release|Any CPU
		{424B0134-19E5-23A7-C77B-A09F2EF280AD}.Debug|Any CPU.ActiveCfg = Debug|Any CPU
		{424B0134-19E5-23A7-C77B-A09F2EF280AD}.Debug|Any CPU.Build.0 = Debug|Any CPU
		{424B0134-19E5-23A7-C77B-A09F2EF280AD}.Release|Any CPU.ActiveCfg = Release|Any CPU
		{424B0134-19E5-23A7-C77B-A09F2EF280AD}.Release|Any CPU.Build.0 = Release|Any CPU
	EndGlobalSection
	GlobalSection(SolutionProperties) = preSolution
		HideSolutionNode = FALSE
	EndGlobalSection
	GlobalSection(MonoDevelopProperties) = preSolution
		StartupItem = Assembly-CSharp.csproj
	EndGlobalSection
EndGlobal
