
Microsoft Visual Studio Solution File, Format Version 12.00
# Visual Studio 2015
Project("{FAE04EC0-301F-11D3-BF4B-00C04F79EFBC}") = "CSCI-313-team1.CSharp.Plugins", "CSCI-313-team1.CSharp.Plugins.csproj", "{0D6133B9-F738-E6C7-DB34-B9B6F3048C26}"
EndProject
Project("{FAE04EC0-301F-11D3-BF4B-00C04F79EFBC}") = "CSCI-313-team1.CSharp", "CSCI-313-team1.CSharp.csproj", "{02B4B186-27BA-5D18-1BAC-F0F326DF84A6}"
EndProject
Global
	GlobalSection(SolutionConfigurationPlatforms) = preSolution
		Debug|Any CPU = Debug|Any CPU
		Release|Any CPU = Release|Any CPU
	EndGlobalSection
	GlobalSection(ProjectConfigurationPlatforms) = postSolution
		{0D6133B9-F738-E6C7-DB34-B9B6F3048C26}.Debug|Any CPU.ActiveCfg = Debug|Any CPU
		{0D6133B9-F738-E6C7-DB34-B9B6F3048C26}.Debug|Any CPU.Build.0 = Debug|Any CPU
		{0D6133B9-F738-E6C7-DB34-B9B6F3048C26}.Release|Any CPU.ActiveCfg = Release|Any CPU
		{0D6133B9-F738-E6C7-DB34-B9B6F3048C26}.Release|Any CPU.Build.0 = Release|Any CPU
		{02B4B186-27BA-5D18-1BAC-F0F326DF84A6}.Debug|Any CPU.ActiveCfg = Debug|Any CPU
		{02B4B186-27BA-5D18-1BAC-F0F326DF84A6}.Debug|Any CPU.Build.0 = Debug|Any CPU
		{02B4B186-27BA-5D18-1BAC-F0F326DF84A6}.Release|Any CPU.ActiveCfg = Release|Any CPU
		{02B4B186-27BA-5D18-1BAC-F0F326DF84A6}.Release|Any CPU.Build.0 = Release|Any CPU
	EndGlobalSection
	GlobalSection(SolutionProperties) = preSolution
		HideSolutionNode = FALSE
	EndGlobalSection
EndGlobal
